// !$*UTF8*$!
{
	archiveVersion = 1;
	classes = {
	};
	objectVersion = 46;
	objects = {

/* Begin PBXBuildFile section */
		51FC2AEC1B79E5620051AA1F /* main.m in Sources */ = {isa = PBXBuildFile; fileRef = 51FC2AEB1B79E5620051AA1F /* main.m */; };
		51FC2AEF1B79E5620051AA1F /* AppDelegate.m in Sources */ = {isa = PBXBuildFile; fileRef = 51FC2AEE1B79E5620051AA1F /* AppDelegate.m */; };
		51FC2AF21B79E5620051AA1F /* ViewController.m in Sources */ = {isa = PBXBuildFile; fileRef = 51FC2AF11B79E5620051AA1F /* ViewController.m */; };
		51FC2AF51B79E5620051AA1F /* Main.storyboard in Resources */ = {isa = PBXBuildFile; fileRef = 51FC2AF31B79E5620051AA1F /* Main.storyboard */; };
		51FC2AF71B79E5620051AA1F /* Images.xcassets in Resources */ = {isa = PBXBuildFile; fileRef = 51FC2AF61B79E5620051AA1F /* Images.xcassets */; };
		51FC2AFA1B79E5620051AA1F /* LaunchScreen.xib in Resources */ = {isa = PBXBuildFile; fileRef = 51FC2AF81B79E5620051AA1F /* LaunchScreen.xib */; };
		51FC2B061B79E5620051AA1F /* XS_iOS_UtilityTests.m in Sources */ = {isa = PBXBuildFile; fileRef = 51FC2B051B79E5620051AA1F /* XS_iOS_UtilityTests.m */; };
		51FC2B461B79E5960051AA1F /* area.plist in Resources */ = {isa = PBXBuildFile; fileRef = 51FC2B101B79E5960051AA1F /* area.plist */; };
		51FC2B471B79E5960051AA1F /* XSAddressPicker.m in Sources */ = {isa = PBXBuildFile; fileRef = 51FC2B121B79E5960051AA1F /* XSAddressPicker.m */; };
		51FC2B481B79E5960051AA1F /* 胡巴.jpg in Resources */ = {isa = PBXBuildFile; fileRef = 51FC2B131B79E5960051AA1F /* 胡巴.jpg */; };
		51FC2B491B79E5960051AA1F /* BarItem.m in Sources */ = {isa = PBXBuildFile; fileRef = 51FC2B161B79E5960051AA1F /* BarItem.m */; };
		51FC2B4A1B79E5960051AA1F /* AFHTTPRequestOperation.m in Sources */ = {isa = PBXBuildFile; fileRef = 51FC2B1A1B79E5960051AA1F /* AFHTTPRequestOperation.m */; };
		51FC2B4B1B79E5960051AA1F /* AFHTTPRequestOperationManager.m in Sources */ = {isa = PBXBuildFile; fileRef = 51FC2B1C1B79E5960051AA1F /* AFHTTPRequestOperationManager.m */; };
		51FC2B4C1B79E5960051AA1F /* AFHTTPSessionManager.m in Sources */ = {isa = PBXBuildFile; fileRef = 51FC2B1E1B79E5960051AA1F /* AFHTTPSessionManager.m */; };
		51FC2B4D1B79E5960051AA1F /* AFNetworkReachabilityManager.m in Sources */ = {isa = PBXBuildFile; fileRef = 51FC2B211B79E5960051AA1F /* AFNetworkReachabilityManager.m */; };
		51FC2B4E1B79E5960051AA1F /* AFSecurityPolicy.m in Sources */ = {isa = PBXBuildFile; fileRef = 51FC2B231B79E5960051AA1F /* AFSecurityPolicy.m */; };
		51FC2B4F1B79E5960051AA1F /* AFURLConnectionOperation.m in Sources */ = {isa = PBXBuildFile; fileRef = 51FC2B251B79E5960051AA1F /* AFURLConnectionOperation.m */; };
		51FC2B501B79E5960051AA1F /* AFURLRequestSerialization.m in Sources */ = {isa = PBXBuildFile; fileRef = 51FC2B271B79E5960051AA1F /* AFURLRequestSerialization.m */; };
		51FC2B511B79E5960051AA1F /* AFURLResponseSerialization.m in Sources */ = {isa = PBXBuildFile; fileRef = 51FC2B291B79E5960051AA1F /* AFURLResponseSerialization.m */; };
		51FC2B521B79E5960051AA1F /* AFURLSessionManager.m in Sources */ = {isa = PBXBuildFile; fileRef = 51FC2B2B1B79E5960051AA1F /* AFURLSessionManager.m */; };
		51FC2B531B79E5960051AA1F /* AFNetworkActivityIndicatorManager.m in Sources */ = {isa = PBXBuildFile; fileRef = 51FC2B2E1B79E5960051AA1F /* AFNetworkActivityIndicatorManager.m */; };
		51FC2B541B79E5960051AA1F /* UIActivityIndicatorView+AFNetworking.m in Sources */ = {isa = PBXBuildFile; fileRef = 51FC2B301B79E5960051AA1F /* UIActivityIndicatorView+AFNetworking.m */; };
		51FC2B551B79E5960051AA1F /* UIAlertView+AFNetworking.m in Sources */ = {isa = PBXBuildFile; fileRef = 51FC2B321B79E5960051AA1F /* UIAlertView+AFNetworking.m */; };
		51FC2B561B79E5960051AA1F /* UIButton+AFNetworking.m in Sources */ = {isa = PBXBuildFile; fileRef = 51FC2B341B79E5960051AA1F /* UIButton+AFNetworking.m */; };
		51FC2B571B79E5960051AA1F /* UIImageView+AFNetworking.m in Sources */ = {isa = PBXBuildFile; fileRef = 51FC2B361B79E5960051AA1F /* UIImageView+AFNetworking.m */; };
		51FC2B581B79E5960051AA1F /* UIProgressView+AFNetworking.m in Sources */ = {isa = PBXBuildFile; fileRef = 51FC2B391B79E5960051AA1F /* UIProgressView+AFNetworking.m */; };
		51FC2B591B79E5960051AA1F /* UIRefreshControl+AFNetworking.m in Sources */ = {isa = PBXBuildFile; fileRef = 51FC2B3B1B79E5960051AA1F /* UIRefreshControl+AFNetworking.m */; };
		51FC2B5A1B79E5960051AA1F /* UIWebView+AFNetworking.m in Sources */ = {isa = PBXBuildFile; fileRef = 51FC2B3D1B79E5960051AA1F /* UIWebView+AFNetworking.m */; };
		51FC2B5B1B79E5960051AA1F /* DataService.m in Sources */ = {isa = PBXBuildFile; fileRef = 51FC2B3F1B79E5960051AA1F /* DataService.m */; };
		51FC2B5C1B79E5960051AA1F /* UIView+EXT.m in Sources */ = {isa = PBXBuildFile; fileRef = 51FC2B421B79E5960051AA1F /* UIView+EXT.m */; };
		51FC2B5D1B79E5960051AA1F /* ZoomImageView.m in Sources */ = {isa = PBXBuildFile; fileRef = 51FC2B451B79E5960051AA1F /* ZoomImageView.m */; };
/* End PBXBuildFile section */

/* Begin PBXContainerItemProxy section */
		51FC2B001B79E5620051AA1F /* PBXContainerItemProxy */ = {
			isa = PBXContainerItemProxy;
			containerPortal = 51FC2ADE1B79E5620051AA1F /* Project object */;
			proxyType = 1;
			remoteGlobalIDString = 51FC2AE51B79E5620051AA1F;
			remoteInfo = XS_iOS_Utility;
		};
/* End PBXContainerItemProxy section */

/* Begin PBXFileReference section */
		51FC2AE61B79E5620051AA1F /* XS_iOS_Utility.app */ = {isa = PBXFileReference; explicitFileType = wrapper.application; includeInIndex = 0; path = XS_iOS_Utility.app; sourceTree = BUILT_PRODUCTS_DIR; };
		51FC2AEA1B79E5620051AA1F /* Info.plist */ = {isa = PBXFileReference; lastKnownFileType = text.plist.xml; path = Info.plist; sourceTree = "<group>"; };
		51FC2AEB1B79E5620051AA1F /* main.m */ = {isa = PBXFileReference; lastKnownFileType = sourcecode.c.objc; path = main.m; sourceTree = "<group>"; };
		51FC2AED1B79E5620051AA1F /* AppDelegate.h */ = {isa = PBXFileReference; lastKnownFileType = sourcecode.c.h; path = AppDelegate.h; sourceTree = "<group>"; };
		51FC2AEE1B79E5620051AA1F /* AppDelegate.m */ = {isa = PBXFileReference; lastKnownFileType = sourcecode.c.objc; path = AppDelegate.m; sourceTree = "<group>"; };
		51FC2AF01B79E5620051AA1F /* ViewController.h */ = {isa = PBXFileReference; lastKnownFileType = sourcecode.c.h; path = ViewController.h; sourceTree = "<group>"; };
		51FC2AF11B79E5620051AA1F /* ViewController.m */ = {isa = PBXFileReference; lastKnownFileType = sourcecode.c.objc; path = ViewController.m; sourceTree = "<group>"; };
		51FC2AF41B79E5620051AA1F /* Base */ = {isa = PBXFileReference; lastKnownFileType = file.storyboard; name = Base; path = Base.lproj/Main.storyboard; sourceTree = "<group>"; };
		51FC2AF61B79E5620051AA1F /* Images.xcassets */ = {isa = PBXFileReference; lastKnownFileType = folder.assetcatalog; path = Images.xcassets; sourceTree = "<group>"; };
		51FC2AF91B79E5620051AA1F /* Base */ = {isa = PBXFileReference; lastKnownFileType = file.xib; name = Base; path = Base.lproj/LaunchScreen.xib; sourceTree = "<group>"; };
		51FC2AFF1B79E5620051AA1F /* XS_iOS_UtilityTests.xctest */ = {isa = PBXFileReference; explicitFileType = wrapper.cfbundle; includeInIndex = 0; path = XS_iOS_UtilityTests.xctest; sourceTree = BUILT_PRODUCTS_DIR; };
		51FC2B041B79E5620051AA1F /* Info.plist */ = {isa = PBXFileReference; lastKnownFileType = text.plist.xml; path = Info.plist; sourceTree = "<group>"; };
		51FC2B051B79E5620051AA1F /* XS_iOS_UtilityTests.m */ = {isa = PBXFileReference; lastKnownFileType = sourcecode.c.objc; path = XS_iOS_UtilityTests.m; sourceTree = "<group>"; };
		51FC2B101B79E5960051AA1F /* area.plist */ = {isa = PBXFileReference; fileEncoding = 4; lastKnownFileType = text.plist.xml; path = area.plist; sourceTree = "<group>"; };
		51FC2B111B79E5960051AA1F /* XSAddressPicker.h */ = {isa = PBXFileReference; fileEncoding = 4; lastKnownFileType = sourcecode.c.h; path = XSAddressPicker.h; sourceTree = "<group>"; };
		51FC2B121B79E5960051AA1F /* XSAddressPicker.m */ = {isa = PBXFileReference; fileEncoding = 4; lastKnownFileType = sourcecode.c.objc; path = XSAddressPicker.m; sourceTree = "<group>"; };
		51FC2B131B79E5960051AA1F /* 胡巴.jpg */ = {isa = PBXFileReference; lastKnownFileType = image.jpeg; path = "胡巴.jpg"; sourceTree = "<group>"; };
		51FC2B151B79E5960051AA1F /* BarItem.h */ = {isa = PBXFileReference; fileEncoding = 4; lastKnownFileType = sourcecode.c.h; path = BarItem.h; sourceTree = "<group>"; };
		51FC2B161B79E5960051AA1F /* BarItem.m */ = {isa = PBXFileReference; fileEncoding = 4; lastKnownFileType = sourcecode.c.objc; path = BarItem.m; sourceTree = "<group>"; };
		51FC2B191B79E5960051AA1F /* AFHTTPRequestOperation.h */ = {isa = PBXFileReference; fileEncoding = 4; lastKnownFileType = sourcecode.c.h; path = AFHTTPRequestOperation.h; sourceTree = "<group>"; };
		51FC2B1A1B79E5960051AA1F /* AFHTTPRequestOperation.m */ = {isa = PBXFileReference; fileEncoding = 4; lastKnownFileType = sourcecode.c.objc; path = AFHTTPRequestOperation.m; sourceTree = "<group>"; };
		51FC2B1B1B79E5960051AA1F /* AFHTTPRequestOperationManager.h */ = {isa = PBXFileReference; fileEncoding = 4; lastKnownFileType = sourcecode.c.h; path = AFHTTPRequestOperationManager.h; sourceTree = "<group>"; };
		51FC2B1C1B79E5960051AA1F /* AFHTTPRequestOperationManager.m */ = {isa = PBXFileReference; fileEncoding = 4; lastKnownFileType = sourcecode.c.objc; path = AFHTTPRequestOperationManager.m; sourceTree = "<group>"; };
		51FC2B1D1B79E5960051AA1F /* AFHTTPSessionManager.h */ = {isa = PBXFileReference; fileEncoding = 4; lastKnownFileType = sourcecode.c.h; path = AFHTTPSessionManager.h; sourceTree = "<group>"; };
		51FC2B1E1B79E5960051AA1F /* AFHTTPSessionManager.m */ = {isa = PBXFileReference; fileEncoding = 4; lastKnownFileType = sourcecode.c.objc; path = AFHTTPSessionManager.m; sourceTree = "<group>"; };
		51FC2B1F1B79E5960051AA1F /* AFNetworking.h */ = {isa = PBXFileReference; fileEncoding = 4; lastKnownFileType = sourcecode.c.h; path = AFNetworking.h; sourceTree = "<group>"; };
		51FC2B201B79E5960051AA1F /* AFNetworkReachabilityManager.h */ = {isa = PBXFileReference; fileEncoding = 4; lastKnownFileType = sourcecode.c.h; path = AFNetworkReachabilityManager.h; sourceTree = "<group>"; };
		51FC2B211B79E5960051AA1F /* AFNetworkReachabilityManager.m */ = {isa = PBXFileReference; fileEncoding = 4; lastKnownFileType = sourcecode.c.objc; path = AFNetworkReachabilityManager.m; sourceTree = "<group>"; };
		51FC2B221B79E5960051AA1F /* AFSecurityPolicy.h */ = {isa = PBXFileReference; fileEncoding = 4; lastKnownFileType = sourcecode.c.h; path = AFSecurityPolicy.h; sourceTree = "<group>"; };
		51FC2B231B79E5960051AA1F /* AFSecurityPolicy.m */ = {isa = PBXFileReference; fileEncoding = 4; lastKnownFileType = sourcecode.c.objc; path = AFSecurityPolicy.m; sourceTree = "<group>"; };
		51FC2B241B79E5960051AA1F /* AFURLConnectionOperation.h */ = {isa = PBXFileReference; fileEncoding = 4; lastKnownFileType = sourcecode.c.h; path = AFURLConnectionOperation.h; sourceTree = "<group>"; };
		51FC2B251B79E5960051AA1F /* AFURLConnectionOperation.m */ = {isa = PBXFileReference; fileEncoding = 4; lastKnownFileType = sourcecode.c.objc; path = AFURLConnectionOperation.m; sourceTree = "<group>"; };
		51FC2B261B79E5960051AA1F /* AFURLRequestSerialization.h */ = {isa = PBXFileReference; fileEncoding = 4; lastKnownFileType = sourcecode.c.h; path = AFURLRequestSerialization.h; sourceTree = "<group>"; };
		51FC2B271B79E5960051AA1F /* AFURLRequestSerialization.m */ = {isa = PBXFileReference; fileEncoding = 4; lastKnownFileType = sourcecode.c.objc; path = AFURLRequestSerialization.m; sourceTree = "<group>"; };
		51FC2B281B79E5960051AA1F /* AFURLResponseSerialization.h */ = {isa = PBXFileReference; fileEncoding = 4; lastKnownFileType = sourcecode.c.h; path = AFURLResponseSerialization.h; sourceTree = "<group>"; };
		51FC2B291B79E5960051AA1F /* AFURLResponseSerialization.m */ = {isa = PBXFileReference; fileEncoding = 4; lastKnownFileType = sourcecode.c.objc; path = AFURLResponseSerialization.m; sourceTree = "<group>"; };
		51FC2B2A1B79E5960051AA1F /* AFURLSessionManager.h */ = {isa = PBXFileReference; fileEncoding = 4; lastKnownFileType = sourcecode.c.h; path = AFURLSessionManager.h; sourceTree = "<group>"; };
		51FC2B2B1B79E5960051AA1F /* AFURLSessionManager.m */ = {isa = PBXFileReference; fileEncoding = 4; lastKnownFileType = sourcecode.c.objc; path = AFURLSessionManager.m; sourceTree = "<group>"; };
		51FC2B2D1B79E5960051AA1F /* AFNetworkActivityIndicatorManager.h */ = {isa = PBXFileReference; fileEncoding = 4; lastKnownFileType = sourcecode.c.h; path = AFNetworkActivityIndicatorManager.h; sourceTree = "<group>"; };
		51FC2B2E1B79E5960051AA1F /* AFNetworkActivityIndicatorManager.m */ = {isa = PBXFileReference; fileEncoding = 4; lastKnownFileType = sourcecode.c.objc; path = AFNetworkActivityIndicatorManager.m; sourceTree = "<group>"; };
		51FC2B2F1B79E5960051AA1F /* UIActivityIndicatorView+AFNetworking.h */ = {isa = PBXFileReference; fileEncoding = 4; lastKnownFileType = sourcecode.c.h; path = "UIActivityIndicatorView+AFNetworking.h"; sourceTree = "<group>"; };
		51FC2B301B79E5960051AA1F /* UIActivityIndicatorView+AFNetworking.m */ = {isa = PBXFileReference; fileEncoding = 4; lastKnownFileType = sourcecode.c.objc; path = "UIActivityIndicatorView+AFNetworking.m"; sourceTree = "<group>"; };
		51FC2B311B79E5960051AA1F /* UIAlertView+AFNetworking.h */ = {isa = PBXFileReference; fileEncoding = 4; lastKnownFileType = sourcecode.c.h; path = "UIAlertView+AFNetworking.h"; sourceTree = "<group>"; };
		51FC2B321B79E5960051AA1F /* UIAlertView+AFNetworking.m */ = {isa = PBXFileReference; fileEncoding = 4; lastKnownFileType = sourcecode.c.objc; path = "UIAlertView+AFNetworking.m"; sourceTree = "<group>"; };
		51FC2B331B79E5960051AA1F /* UIButton+AFNetworking.h */ = {isa = PBXFileReference; fileEncoding = 4; lastKnownFileType = sourcecode.c.h; path = "UIButton+AFNetworking.h"; sourceTree = "<group>"; };
		51FC2B341B79E5960051AA1F /* UIButton+AFNetworking.m */ = {isa = PBXFileReference; fileEncoding = 4; lastKnownFileType = sourcecode.c.objc; path = "UIButton+AFNetworking.m"; sourceTree = "<group>"; };
		51FC2B351B79E5960051AA1F /* UIImageView+AFNetworking.h */ = {isa = PBXFileReference; fileEncoding = 4; lastKnownFileType = sourcecode.c.h; path = "UIImageView+AFNetworking.h"; sourceTree = "<group>"; };
		51FC2B361B79E5960051AA1F /* UIImageView+AFNetworking.m */ = {isa = PBXFileReference; fileEncoding = 4; lastKnownFileType = sourcecode.c.objc; path = "UIImageView+AFNetworking.m"; sourceTree = "<group>"; };
		51FC2B371B79E5960051AA1F /* UIKit+AFNetworking.h */ = {isa = PBXFileReference; fileEncoding = 4; lastKnownFileType = sourcecode.c.h; path = "UIKit+AFNetworking.h"; sourceTree = "<group>"; };
		51FC2B381B79E5960051AA1F /* UIProgressView+AFNetworking.h */ = {isa = PBXFileReference; fileEncoding = 4; lastKnownFileType = sourcecode.c.h; path = "UIProgressView+AFNetworking.h"; sourceTree = "<group>"; };
		51FC2B391B79E5960051AA1F /* UIProgressView+AFNetworking.m */ = {isa = PBXFileReference; fileEncoding = 4; lastKnownFileType = sourcecode.c.objc; path = "UIProgressView+AFNetworking.m"; sourceTree = "<group>"; };
		51FC2B3A1B79E5960051AA1F /* UIRefreshControl+AFNetworking.h */ = {isa = PBXFileReference; fileEncoding = 4; lastKnownFileType = sourcecode.c.h; path = "UIRefreshControl+AFNetworking.h"; sourceTree = "<group>"; };
		51FC2B3B1B79E5960051AA1F /* UIRefreshControl+AFNetworking.m */ = {isa = PBXFileReference; fileEncoding = 4; lastKnownFileType = sourcecode.c.objc; path = "UIRefreshControl+AFNetworking.m"; sourceTree = "<group>"; };
		51FC2B3C1B79E5960051AA1F /* UIWebView+AFNetworking.h */ = {isa = PBXFileReference; fileEncoding = 4; lastKnownFileType = sourcecode.c.h; path = "UIWebView+AFNetworking.h"; sourceTree = "<group>"; };
		51FC2B3D1B79E5960051AA1F /* UIWebView+AFNetworking.m */ = {isa = PBXFileReference; fileEncoding = 4; lastKnownFileType = sourcecode.c.objc; path = "UIWebView+AFNetworking.m"; sourceTree = "<group>"; };
		51FC2B3E1B79E5960051AA1F /* DataService.h */ = {isa = PBXFileReference; fileEncoding = 4; lastKnownFileType = sourcecode.c.h; path = DataService.h; sourceTree = "<group>"; };
		51FC2B3F1B79E5960051AA1F /* DataService.m */ = {isa = PBXFileReference; fileEncoding = 4; lastKnownFileType = sourcecode.c.objc; path = DataService.m; sourceTree = "<group>"; };
		51FC2B411B79E5960051AA1F /* UIView+EXT.h */ = {isa = PBXFileReference; fileEncoding = 4; lastKnownFileType = sourcecode.c.h; path = "UIView+EXT.h"; sourceTree = "<group>"; };
		51FC2B421B79E5960051AA1F /* UIView+EXT.m */ = {isa = PBXFileReference; fileEncoding = 4; lastKnownFileType = sourcecode.c.objc; path = "UIView+EXT.m"; sourceTree = "<group>"; };
		51FC2B441B79E5960051AA1F /* ZoomImageView.h */ = {isa = PBXFileReference; fileEncoding = 4; lastKnownFileType = sourcecode.c.h; path = ZoomImageView.h; sourceTree = "<group>"; };
		51FC2B451B79E5960051AA1F /* ZoomImageView.m */ = {isa = PBXFileReference; fileEncoding = 4; lastKnownFileType = sourcecode.c.objc; path = ZoomImageView.m; sourceTree = "<group>"; };
/* End PBXFileReference section */

/* Begin PBXFrameworksBuildPhase section */
		51FC2AE31B79E5620051AA1F /* Frameworks */ = {
			isa = PBXFrameworksBuildPhase;
			buildActionMask = 2147483647;
			files = (
			);
			runOnlyForDeploymentPostprocessing = 0;
		};
		51FC2AFC1B79E5620051AA1F /* Frameworks */ = {
			isa = PBXFrameworksBuildPhase;
			buildActionMask = 2147483647;
			files = (
			);
			runOnlyForDeploymentPostprocessing = 0;
		};
/* End PBXFrameworksBuildPhase section */

/* Begin PBXGroup section */
		51FC2ADD1B79E5620051AA1F = {
			isa = PBXGroup;
			children = (
				51FC2AE81B79E5620051AA1F /* XS_iOS_Utility */,
				51FC2B021B79E5620051AA1F /* XS_iOS_UtilityTests */,
				51FC2AE71B79E5620051AA1F /* Products */,
			);
			sourceTree = "<group>";
		};
		51FC2AE71B79E5620051AA1F /* Products */ = {
			isa = PBXGroup;
			children = (
				51FC2AE61B79E5620051AA1F /* XS_iOS_Utility.app */,
				51FC2AFF1B79E5620051AA1F /* XS_iOS_UtilityTests.xctest */,
			);
			name = Products;
			sourceTree = "<group>";
		};
		51FC2AE81B79E5620051AA1F /* XS_iOS_Utility */ = {
			isa = PBXGroup;
			children = (
				51FC2B0F1B79E5960051AA1F /* 地区选择器 */,
				51FC2B131B79E5960051AA1F /* 胡巴.jpg */,
				51FC2B141B79E5960051AA1F /* 图标下方文字 */,
				51FC2B171B79E5960051AA1F /* 网络请求 */,
				51FC2B401B79E5960051AA1F /* UIView+EXT */,
				51FC2B431B79E5960051AA1F /* ZoomImageView */,
				51FC2AED1B79E5620051AA1F /* AppDelegate.h */,
				51FC2AEE1B79E5620051AA1F /* AppDelegate.m */,
				51FC2AF01B79E5620051AA1F /* ViewController.h */,
				51FC2AF11B79E5620051AA1F /* ViewController.m */,
				51FC2AF31B79E5620051AA1F /* Main.storyboard */,
				51FC2AF61B79E5620051AA1F /* Images.xcassets */,
				51FC2AF81B79E5620051AA1F /* LaunchScreen.xib */,
				51FC2AE91B79E5620051AA1F /* Supporting Files */,
			);
			path = XS_iOS_Utility;
			sourceTree = "<group>";
		};
		51FC2AE91B79E5620051AA1F /* Supporting Files */ = {
			isa = PBXGroup;
			children = (
				51FC2AEA1B79E5620051AA1F /* Info.plist */,
				51FC2AEB1B79E5620051AA1F /* main.m */,
			);
			name = "Supporting Files";
			sourceTree = "<group>";
		};
		51FC2B021B79E5620051AA1F /* XS_iOS_UtilityTests */ = {
			isa = PBXGroup;
			children = (
				51FC2B051B79E5620051AA1F /* XS_iOS_UtilityTests.m */,
				51FC2B031B79E5620051AA1F /* Supporting Files */,
			);
			path = XS_iOS_UtilityTests;
			sourceTree = "<group>";
		};
		51FC2B031B79E5620051AA1F /* Supporting Files */ = {
			isa = PBXGroup;
			children = (
				51FC2B041B79E5620051AA1F /* Info.plist */,
			);
			name = "Supporting Files";
			sourceTree = "<group>";
		};
		51FC2B0F1B79E5960051AA1F /* 地区选择器 */ = {
			isa = PBXGroup;
			children = (
				51FC2B101B79E5960051AA1F /* area.plist */,
				51FC2B111B79E5960051AA1F /* XSAddressPicker.h */,
				51FC2B121B79E5960051AA1F /* XSAddressPicker.m */,
			);
			path = "地区选择器";
			sourceTree = "<group>";
		};
		51FC2B141B79E5960051AA1F /* 图标下方文字 */ = {
			isa = PBXGroup;
			children = (
				51FC2B151B79E5960051AA1F /* BarItem.h */,
				51FC2B161B79E5960051AA1F /* BarItem.m */,
			);
			path = "图标下方文字";
			sourceTree = "<group>";
		};
		51FC2B171B79E5960051AA1F /* 网络请求 */ = {
			isa = PBXGroup;
			children = (
				51FC2B181B79E5960051AA1F /* AFNetworking */,
				51FC2B3E1B79E5960051AA1F /* DataService.h */,
				51FC2B3F1B79E5960051AA1F /* DataService.m */,
			);
			path = "网络请求";
			sourceTree = "<group>";
		};
		51FC2B181B79E5960051AA1F /* AFNetworking */ = {
			isa = PBXGroup;
			children = (
				51FC2B191B79E5960051AA1F /* AFHTTPRequestOperation.h */,
				51FC2B1A1B79E5960051AA1F /* AFHTTPRequestOperation.m */,
				51FC2B1B1B79E5960051AA1F /* AFHTTPRequestOperationManager.h */,
				51FC2B1C1B79E5960051AA1F /* AFHTTPRequestOperationManager.m */,
				51FC2B1D1B79E5960051AA1F /* AFHTTPSessionManager.h */,
				51FC2B1E1B79E5960051AA1F /* AFHTTPSessionManager.m */,
				51FC2B1F1B79E5960051AA1F /* AFNetworking.h */,
				51FC2B201B79E5960051AA1F /* AFNetworkReachabilityManager.h */,
				51FC2B211B79E5960051AA1F /* AFNetworkReachabilityManager.m */,
				51FC2B221B79E5960051AA1F /* AFSecurityPolicy.h */,
				51FC2B231B79E5960051AA1F /* AFSecurityPolicy.m */,
				51FC2B241B79E5960051AA1F /* AFURLConnectionOperation.h */,
				51FC2B251B79E5960051AA1F /* AFURLConnectionOperation.m */,
				51FC2B261B79E5960051AA1F /* AFURLRequestSerialization.h */,
				51FC2B271B79E5960051AA1F /* AFURLRequestSerialization.m */,
				51FC2B281B79E5960051AA1F /* AFURLResponseSerialization.h */,
				51FC2B291B79E5960051AA1F /* AFURLResponseSerialization.m */,
				51FC2B2A1B79E5960051AA1F /* AFURLSessionManager.h */,
				51FC2B2B1B79E5960051AA1F /* AFURLSessionManager.m */,
				51FC2B2C1B79E5960051AA1F /* UIKit+AFNetworking */,
			);
			path = AFNetworking;
			sourceTree = "<group>";
		};
		51FC2B2C1B79E5960051AA1F /* UIKit+AFNetworking */ = {
			isa = PBXGroup;
			children = (
				51FC2B2D1B79E5960051AA1F /* AFNetworkActivityIndicatorManager.h */,
				51FC2B2E1B79E5960051AA1F /* AFNetworkActivityIndicatorManager.m */,
				51FC2B2F1B79E5960051AA1F /* UIActivityIndicatorView+AFNetworking.h */,
				51FC2B301B79E5960051AA1F /* UIActivityIndicatorView+AFNetworking.m */,
				51FC2B311B79E5960051AA1F /* UIAlertView+AFNetworking.h */,
				51FC2B321B79E5960051AA1F /* UIAlertView+AFNetworking.m */,
				51FC2B331B79E5960051AA1F /* UIButton+AFNetworking.h */,
				51FC2B341B79E5960051AA1F /* UIButton+AFNetworking.m */,
				51FC2B351B79E5960051AA1F /* UIImageView+AFNetworking.h */,
				51FC2B361B79E5960051AA1F /* UIImageView+AFNetworking.m */,
				51FC2B371B79E5960051AA1F /* UIKit+AFNetworking.h */,
				51FC2B381B79E5960051AA1F /* UIProgressView+AFNetworking.h */,
				51FC2B391B79E5960051AA1F /* UIProgressView+AFNetworking.m */,
				51FC2B3A1B79E5960051AA1F /* UIRefreshControl+AFNetworking.h */,
				51FC2B3B1B79E5960051AA1F /* UIRefreshControl+AFNetworking.m */,
				51FC2B3C1B79E5960051AA1F /* UIWebView+AFNetworking.h */,
				51FC2B3D1B79E5960051AA1F /* UIWebView+AFNetworking.m */,
			);
			path = "UIKit+AFNetworking";
			sourceTree = "<group>";
		};
		51FC2B401B79E5960051AA1F /* UIView+EXT */ = {
			isa = PBXGroup;
			children = (
				51FC2B411B79E5960051AA1F /* UIView+EXT.h */,
				51FC2B421B79E5960051AA1F /* UIView+EXT.m */,
			);
			path = "UIView+EXT";
			sourceTree = "<group>";
		};
		51FC2B431B79E5960051AA1F /* ZoomImageView */ = {
			isa = PBXGroup;
			children = (
				51FC2B441B79E5960051AA1F /* ZoomImageView.h */,
				51FC2B451B79E5960051AA1F /* ZoomImageView.m */,
			);
			path = ZoomImageView;
			sourceTree = "<group>";
		};
/* End PBXGroup section */

/* Begin PBXNativeTarget section */
		51FC2AE51B79E5620051AA1F /* XS_iOS_Utility */ = {
			isa = PBXNativeTarget;
			buildConfigurationList = 51FC2B091B79E5620051AA1F /* Build configuration list for PBXNativeTarget "XS_iOS_Utility" */;
			buildPhases = (
				51FC2AE21B79E5620051AA1F /* Sources */,
				51FC2AE31B79E5620051AA1F /* Frameworks */,
				51FC2AE41B79E5620051AA1F /* Resources */,
			);
			buildRules = (
			);
			dependencies = (
			);
			name = XS_iOS_Utility;
			productName = XS_iOS_Utility;
			productReference = 51FC2AE61B79E5620051AA1F /* XS_iOS_Utility.app */;
			productType = "com.apple.product-type.application";
		};
		51FC2AFE1B79E5620051AA1F /* XS_iOS_UtilityTests */ = {
			isa = PBXNativeTarget;
			buildConfigurationList = 51FC2B0C1B79E5620051AA1F /* Build configuration list for PBXNativeTarget "XS_iOS_UtilityTests" */;
			buildPhases = (
				51FC2AFB1B79E5620051AA1F /* Sources */,
				51FC2AFC1B79E5620051AA1F /* Frameworks */,
				51FC2AFD1B79E5620051AA1F /* Resources */,
			);
			buildRules = (
			);
			dependencies = (
				51FC2B011B79E5620051AA1F /* PBXTargetDependency */,
			);
			name = XS_iOS_UtilityTests;
			productName = XS_iOS_UtilityTests;
			productReference = 51FC2AFF1B79E5620051AA1F /* XS_iOS_UtilityTests.xctest */;
			productType = "com.apple.product-type.bundle.unit-test";
		};
/* End PBXNativeTarget section */

/* Begin PBXProject section */
		51FC2ADE1B79E5620051AA1F /* Project object */ = {
			isa = PBXProject;
			attributes = {
				LastUpgradeCheck = 0640;
				ORGANIZATIONNAME = "肖胜";
				TargetAttributes = {
					51FC2AE51B79E5620051AA1F = {
						CreatedOnToolsVersion = 6.4;
					};
					51FC2AFE1B79E5620051AA1F = {
						CreatedOnToolsVersion = 6.4;
						TestTargetID = 51FC2AE51B79E5620051AA1F;
					};
				};
			};
			buildConfigurationList = 51FC2AE11B79E5620051AA1F /* Build configuration list for PBXProject "XS_iOS_Utility" */;
			compatibilityVersion = "Xcode 3.2";
			developmentRegion = English;
			hasScannedForEncodings = 0;
			knownRegions = (
				en,
				Base,
			);
			mainGroup = 51FC2ADD1B79E5620051AA1F;
			productRefGroup = 51FC2AE71B79E5620051AA1F /* Products */;
			projectDirPath = "";
			projectRoot = "";
			targets = (
				51FC2AE51B79E5620051AA1F /* XS_iOS_Utility */,
				51FC2AFE1B79E5620051AA1F /* XS_iOS_UtilityTests */,
			);
		};
/* End PBXProject section */

/* Begin PBXResourcesBuildPhase section */
		51FC2AE41B79E5620051AA1F /* Resources */ = {
			isa = PBXResourcesBuildPhase;
			buildActionMask = 2147483647;
			files = (
				51FC2B481B79E5960051AA1F /* 胡巴.jpg in Resources */,
				51FC2AF51B79E5620051AA1F /* Main.storyboard in Resources */,
				51FC2B461B79E5960051AA1F /* area.plist in Resources */,
				51FC2AFA1B79E5620051AA1F /* LaunchScreen.xib in Resources */,
				51FC2AF71B79E5620051AA1F /* Images.xcassets in Resources */,
			);
			runOnlyForDeploymentPostprocessing = 0;
		};
		51FC2AFD1B79E5620051AA1F /* Resources */ = {
			isa = PBXResourcesBuildPhase;
			buildActionMask = 2147483647;
			files = (
			);
			runOnlyForDeploymentPostprocessing = 0;
		};
/* End PBXResourcesBuildPhase section */

/* Begin PBXSourcesBuildPhase section */
		51FC2AE21B79E5620051AA1F /* Sources */ = {
			isa = PBXSourcesBuildPhase;
			buildActionMask = 2147483647;
			files = (
				51FC2B4F1B79E5960051AA1F /* AFURLConnectionOperation.m in Sources */,
				51FC2B4A1B79E5960051AA1F /* AFHTTPRequestOperation.m in Sources */,
				51FC2B5D1B79E5960051AA1F /* ZoomImageView.m in Sources */,
				51FC2B561B79E5960051AA1F /* UIButton+AFNetworking.m in Sources */,
				51FC2B4D1B79E5960051AA1F /* AFNetworkReachabilityManager.m in Sources */,
				51FC2B581B79E5960051AA1F /* UIProgressView+AFNetworking.m in Sources */,
				51FC2B521B79E5960051AA1F /* AFURLSessionManager.m in Sources */,
				51FC2B501B79E5960051AA1F /* AFURLRequestSerialization.m in Sources */,
				51FC2AF21B79E5620051AA1F /* ViewController.m in Sources */,
				51FC2B591B79E5960051AA1F /* UIRefreshControl+AFNetworking.m in Sources */,
				51FC2B511B79E5960051AA1F /* AFURLResponseSerialization.m in Sources */,
				51FC2AEF1B79E5620051AA1F /* AppDelegate.m in Sources */,
				51FC2B571B79E5960051AA1F /* UIImageView+AFNetworking.m in Sources */,
				51FC2B491B79E5960051AA1F /* BarItem.m in Sources */,
				51FC2B551B79E5960051AA1F /* UIAlertView+AFNetworking.m in Sources */,
				51FC2B4B1B79E5960051AA1F /* AFHTTPRequestOperationManager.m in Sources */,
				51FC2B4E1B79E5960051AA1F /* AFSecurityPolicy.m in Sources */,
				51FC2B5A1B79E5960051AA1F /* UIWebView+AFNetworking.m in Sources */,
				51FC2AEC1B79E5620051AA1F /* main.m in Sources */,
				51FC2B5B1B79E5960051AA1F /* DataService.m in Sources */,
				51FC2B471B79E5960051AA1F /* XSAddressPicker.m in Sources */,
				51FC2B5C1B79E5960051AA1F /* UIView+EXT.m in Sources */,
				51FC2B4C1B79E5960051AA1F /* AFHTTPSessionManager.m in Sources */,
				51FC2B541B79E5960051AA1F /* UIActivityIndicatorView+AFNetworking.m in Sources */,
				51FC2B531B79E5960051AA1F /* AFNetworkActivityIndicatorManager.m in Sources */,
			);
			runOnlyForDeploymentPostprocessing = 0;
		};
		51FC2AFB1B79E5620051AA1F /* Sources */ = {
			isa = PBXSourcesBuildPhase;
			buildActionMask = 2147483647;
			files = (
				51FC2B061B79E5620051AA1F /* XS_iOS_UtilityTests.m in Sources */,
			);
			runOnlyForDeploymentPostprocessing = 0;
		};
/* End PBXSourcesBuildPhase section */

/* Begin PBXTargetDependency section */
		51FC2B011B79E5620051AA1F /* PBXTargetDependency */ = {
			isa = PBXTargetDependency;
			target = 51FC2AE51B79E5620051AA1F /* XS_iOS_Utility */;
			targetProxy = 51FC2B001B79E5620051AA1F /* PBXContainerItemProxy */;
		};
/* End PBXTargetDependency section */

/* Begin PBXVariantGroup section */
		51FC2AF31B79E5620051AA1F /* Main.storyboard */ = {
			isa = PBXVariantGroup;
			children = (
				51FC2AF41B79E5620051AA1F /* Base */,
			);
			name = Main.storyboard;
			sourceTree = "<group>";
		};
		51FC2AF81B79E5620051AA1F /* LaunchScreen.xib */ = {
			isa = PBXVariantGroup;
			children = (
				51FC2AF91B79E5620051AA1F /* Base */,
			);
			name = LaunchScreen.xib;
			sourceTree = "<group>";
		};
/* End PBXVariantGroup section */

/* Begin XCBuildConfiguration section */
		51FC2B071B79E5620051AA1F /* Debug */ = {
			isa = XCBuildConfiguration;
			buildSettings = {
				ALWAYS_SEARCH_USER_PATHS = NO;
				CLANG_CXX_LANGUAGE_STANDARD = "gnu++0x";
				CLANG_CXX_LIBRARY = "libc++";
				CLANG_ENABLE_MODULES = YES;
				CLANG_ENABLE_OBJC_ARC = YES;
				CLANG_WARN_BOOL_CONVERSION = YES;
				CLANG_WARN_CONSTANT_CONVERSION = YES;
				CLANG_WARN_DIRECT_OBJC_ISA_USAGE = YES_ERROR;
				CLANG_WARN_EMPTY_BODY = YES;
				CLANG_WARN_ENUM_CONVERSION = YES;
				CLANG_WARN_INT_CONVERSION = YES;
				CLANG_WARN_OBJC_ROOT_CLASS = YES_ERROR;
				CLANG_WARN_UNREACHABLE_CODE = YES;
				CLANG_WARN__DUPLICATE_METHOD_MATCH = YES;
				"CODE_SIGN_IDENTITY[sdk=iphoneos*]" = "iPhone Developer";
				COPY_PHASE_STRIP = NO;
				DEBUG_INFORMATION_FORMAT = "dwarf-with-dsym";
				ENABLE_STRICT_OBJC_MSGSEND = YES;
				GCC_C_LANGUAGE_STANDARD = gnu99;
				GCC_DYNAMIC_NO_PIC = NO;
				GCC_NO_COMMON_BLOCKS = YES;
				GCC_OPTIMIZATION_LEVEL = 0;
				GCC_PREPROCESSOR_DEFINITIONS = (
					"DEBUG=1",
					"$(inherited)",
				);
				GCC_SYMBOLS_PRIVATE_EXTERN = NO;
				GCC_WARN_64_TO_32_BIT_CONVERSION = YES;
				GCC_WARN_ABOUT_RETURN_TYPE = YES_ERROR;
				GCC_WARN_UNDECLARED_SELECTOR = YES;
				GCC_WARN_UNINITIALIZED_AUTOS = YES_AGGRESSIVE;
				GCC_WARN_UNUSED_FUNCTION = YES;
				GCC_WARN_UNUSED_VARIABLE = YES;
				IPHONEOS_DEPLOYMENT_TARGET = 8.4;
				MTL_ENABLE_DEBUG_INFO = YES;
				ONLY_ACTIVE_ARCH = YES;
				SDKROOT = iphoneos;
			};
			name = Debug;
		};
		51FC2B081B79E5620051AA1F /* Release */ = {
			isa = XCBuildConfiguration;
			buildSettings = {
				ALWAYS_SEARCH_USER_PATHS = NO;
				CLANG_CXX_LANGUAGE_STANDARD = "gnu++0x";
				CLANG_CXX_LIBRARY = "libc++";
				CLANG_ENABLE_MODULES = YES;
				CLANG_ENABLE_OBJC_ARC = YES;
				CLANG_WARN_BOOL_CONVERSION = YES;
				CLANG_WARN_CONSTANT_CONVERSION = YES;
				CLANG_WARN_DIRECT_OBJC_ISA_USAGE = YES_ERROR;
				CLANG_WARN_EMPTY_BODY = YES;
				CLANG_WARN_ENUM_CONVERSION = YES;
				CLANG_WARN_INT_CONVERSION = YES;
				CLANG_WARN_OBJC_ROOT_CLASS = YES_ERROR;
				CLANG_WARN_UNREACHABLE_CODE = YES;
				CLANG_WARN__DUPLICATE_METHOD_MATCH = YES;
				"CODE_SIGN_IDENTITY[sdk=iphoneos*]" = "iPhone Developer";
				COPY_PHASE_STRIP = NO;
				DEBUG_INFORMATION_FORMAT = "dwarf-with-dsym";
				ENABLE_NS_ASSERTIONS = NO;
				ENABLE_STRICT_OBJC_MSGSEND = YES;
				GCC_C_LANGUAGE_STANDARD = gnu99;
				GCC_NO_COMMON_BLOCKS = YES;
				GCC_WARN_64_TO_32_BIT_CONVERSION = YES;
				GCC_WARN_ABOUT_RETURN_TYPE = YES_ERROR;
				GCC_WARN_UNDECLARED_SELECTOR = YES;
				GCC_WARN_UNINITIALIZED_AUTOS = YES_AGGRESSIVE;
				GCC_WARN_UNUSED_FUNCTION = YES;
				GCC_WARN_UNUSED_VARIABLE = YES;
				IPHONEOS_DEPLOYMENT_TARGET = 8.4;
				MTL_ENABLE_DEBUG_INFO = NO;
				SDKROOT = iphoneos;
				VALIDATE_PRODUCT = YES;
			};
			name = Release;
		};
		51FC2B0A1B79E5620051AA1F /* Debug */ = {
			isa = XCBuildConfiguration;
			buildSettings = {
				ASSETCATALOG_COMPILER_APPICON_NAME = AppIcon;
				INFOPLIST_FILE = XS_iOS_Utility/Info.plist;
				LD_RUNPATH_SEARCH_PATHS = "$(inherited) @executable_path/Frameworks";
				PRODUCT_NAME = "$(TARGET_NAME)";
			};
			name = Debug;
		};
		51FC2B0B1B79E5620051AA1F /* Release */ = {
			isa = XCBuildConfiguration;
			buildSettings = {
				ASSETCATALOG_COMPILER_APPICON_NAME = AppIcon;
				INFOPLIST_FILE = XS_iOS_Utility/Info.plist;
				LD_RUNPATH_SEARCH_PATHS = "$(inherited) @executable_path/Frameworks";
				PRODUCT_NAME = "$(TARGET_NAME)";
			};
			name = Release;
		};
		51FC2B0D1B79E5620051AA1F /* Debug */ = {
			isa = XCBuildConfiguration;
			buildSettings = {
				BUNDLE_LOADER = "$(TEST_HOST)";
				FRAMEWORK_SEARCH_PATHS = (
					"$(SDKROOT)/Developer/Library/Frameworks",
					"$(inherited)",
				);
				GCC_PREPROCESSOR_DEFINITIONS = (
					"DEBUG=1",
					"$(inherited)",
				);
				INFOPLIST_FILE = XS_iOS_UtilityTests/Info.plist;
				LD_RUNPATH_SEARCH_PATHS = "$(inherited) @executable_path/Frameworks @loader_path/Frameworks";
				PRODUCT_NAME = "$(TARGET_NAME)";
				TEST_HOST = "$(BUILT_PRODUCTS_DIR)/XS_iOS_Utility.app/XS_iOS_Utility";
			};
			name = Debug;
		};
		51FC2B0E1B79E5620051AA1F /* Release */ = {
			isa = XCBuildConfiguration;
			buildSettings = {
				BUNDLE_LOADER = "$(TEST_HOST)";
				FRAMEWORK_SEARCH_PATHS = (
					"$(SDKROOT)/Developer/Library/Frameworks",
					"$(inherited)",
				);
				INFOPLIST_FILE = XS_iOS_UtilityTests/Info.plist;
				LD_RUNPATH_SEARCH_PATHS = "$(inherited) @executable_path/Frameworks @loader_path/Frameworks";
				PRODUCT_NAME = "$(TARGET_NAME)";
				TEST_HOST = "$(BUILT_PRODUCTS_DIR)/XS_iOS_Utility.app/XS_iOS_Utility";
			};
			name = Release;
		};
/* End XCBuildConfiguration section */

/* Begin XCConfigurationList section */
		51FC2AE11B79E5620051AA1F /* Build configuration list for PBXProject "XS_iOS_Utility" */ = {
			isa = XCConfigurationList;
			buildConfigurations = (
				51FC2B071B79E5620051AA1F /* Debug */,
				51FC2B081B79E5620051AA1F /* Release */,
			);
			defaultConfigurationIsVisible = 0;
			defaultConfigurationName = Release;
		};
		51FC2B091B79E5620051AA1F /* Build configuration list for PBXNativeTarget "XS_iOS_Utility" */ = {
			isa = XCConfigurationList;
			buildConfigurations = (
				51FC2B0A1B79E5620051AA1F /* Debug */,
				51FC2B0B1B79E5620051AA1F /* Release */,
			);
			defaultConfigurationIsVisible = 0;
		};
		51FC2B0C1B79E5620051AA1F /* Build configuration list for PBXNativeTarget "XS_iOS_UtilityTests" */ = {
			isa = XCConfigurationList;
			buildConfigurations = (
				51FC2B0D1B79E5620051AA1F /* Debug */,
				51FC2B0E1B79E5620051AA1F /* Release */,
			);
			defaultConfigurationIsVisible = 0;
		};
/* End XCConfigurationList section */
	};
	rootObject = 51FC2ADE1B79E5620051AA1F /* Project object */;
}
